// !$*UTF8*$!
{
	archiveVersion = 1;
	classes = {
	};
	objectVersion = 55;
	objects = {

/* Begin PBXBuildFile section */
		8288058F2710C1A700D77856 /* AppDelegate.swift in Sources */ = {isa = PBXBuildFile; fileRef = 8288058E2710C1A700D77856 /* AppDelegate.swift */; };
		828805912710C1A700D77856 /* SceneDelegate.swift in Sources */ = {isa = PBXBuildFile; fileRef = 828805902710C1A700D77856 /* SceneDelegate.swift */; };
		828805932710C1A700D77856 /* ViewController.swift in Sources */ = {isa = PBXBuildFile; fileRef = 828805922710C1A700D77856 /* ViewController.swift */; };
		828805962710C1A700D77856 /* Main.storyboard in Resources */ = {isa = PBXBuildFile; fileRef = 828805942710C1A700D77856 /* Main.storyboard */; };
		828805982710C1A800D77856 /* Assets.xcassets in Resources */ = {isa = PBXBuildFile; fileRef = 828805972710C1A800D77856 /* Assets.xcassets */; };
		8288059B2710C1A800D77856 /* LaunchScreen.storyboard in Resources */ = {isa = PBXBuildFile; fileRef = 828805992710C1A800D77856 /* LaunchScreen.storyboard */; };
		828805A62710C1A800D77856 /* CalculadoraTests.swift in Sources */ = {isa = PBXBuildFile; fileRef = 828805A52710C1A800D77856 /* CalculadoraTests.swift */; };
		828805B02710C1A900D77856 /* CalculadoraUITests.swift in Sources */ = {isa = PBXBuildFile; fileRef = 828805AF2710C1A900D77856 /* CalculadoraUITests.swift */; };
		828805B22710C1A900D77856 /* CalculadoraUITestsLaunchTests.swift in Sources */ = {isa = PBXBuildFile; fileRef = 828805B12710C1A900D77856 /* CalculadoraUITestsLaunchTests.swift */; };
/* End PBXBuildFile section */

/* Begin PBXContainerItemProxy section */
		828805A22710C1A800D77856 /* PBXContainerItemProxy */ = {
			isa = PBXContainerItemProxy;
			containerPortal = 828805832710C1A700D77856 /* Project object */;
			proxyType = 1;
			remoteGlobalIDString = 8288058A2710C1A700D77856;
			remoteInfo = Calculadora;
		};
		828805AC2710C1A900D77856 /* PBXContainerItemProxy */ = {
			isa = PBXContainerItemProxy;
			containerPortal = 828805832710C1A700D77856 /* Project object */;
			proxyType = 1;
			remoteGlobalIDString = 8288058A2710C1A700D77856;
			remoteInfo = Calculadora;
		};
/* End PBXContainerItemProxy section */

/* Begin PBXFileReference section */
		8288058B2710C1A700D77856 /* Calculadora.app */ = {isa = PBXFileReference; explicitFileType = wrapper.application; includeInIndex = 0; path = Calculadora.app; sourceTree = BUILT_PRODUCTS_DIR; };
		8288058E2710C1A700D77856 /* AppDelegate.swift */ = {isa = PBXFileReference; lastKnownFileType = sourcecode.swift; path = AppDelegate.swift; sourceTree = "<group>"; };
		828805902710C1A700D77856 /* SceneDelegate.swift */ = {isa = PBXFileReference; lastKnownFileType = sourcecode.swift; path = SceneDelegate.swift; sourceTree = "<group>"; };
		828805922710C1A700D77856 /* ViewController.swift */ = {isa = PBXFileReference; lastKnownFileType = sourcecode.swift; path = ViewController.swift; sourceTree = "<group>"; };
		828805952710C1A700D77856 /* Base */ = {isa = PBXFileReference; lastKnownFileType = file.storyboard; name = Base; path = Base.lproj/Main.storyboard; sourceTree = "<group>"; };
		828805972710C1A800D77856 /* Assets.xcassets */ = {isa = PBXFileReference; lastKnownFileType = folder.assetcatalog; path = Assets.xcassets; sourceTree = "<group>"; };
		8288059A2710C1A800D77856 /* Base */ = {isa = PBXFileReference; lastKnownFileType = file.storyboard; name = Base; path = Base.lproj/LaunchScreen.storyboard; sourceTree = "<group>"; };
		8288059C2710C1A800D77856 /* Info.plist */ = {isa = PBXFileReference; lastKnownFileType = text.plist.xml; path = Info.plist; sourceTree = "<group>"; };
		828805A12710C1A800D77856 /* CalculadoraTests.xctest */ = {isa = PBXFileReference; explicitFileType = wrapper.cfbundle; includeInIndex = 0; path = CalculadoraTests.xctest; sourceTree = BUILT_PRODUCTS_DIR; };
		828805A52710C1A800D77856 /* CalculadoraTests.swift */ = {isa = PBXFileReference; lastKnownFileType = sourcecode.swift; path = CalculadoraTests.swift; sourceTree = "<group>"; };
		828805AB2710C1A900D77856 /* CalculadoraUITests.xctest */ = {isa = PBXFileReference; explicitFileType = wrapper.cfbundle; includeInIndex = 0; path = CalculadoraUITests.xctest; sourceTree = BUILT_PRODUCTS_DIR; };
		828805AF2710C1A900D77856 /* CalculadoraUITests.swift */ = {isa = PBXFileReference; lastKnownFileType = sourcecode.swift; path = CalculadoraUITests.swift; sourceTree = "<group>"; };
		828805B12710C1A900D77856 /* CalculadoraUITestsLaunchTests.swift */ = {isa = PBXFileReference; lastKnownFileType = sourcecode.swift; path = CalculadoraUITestsLaunchTests.swift; sourceTree = "<group>"; };
/* End PBXFileReference section */

/* Begin PBXFrameworksBuildPhase section */
		828805882710C1A700D77856 /* Frameworks */ = {
			isa = PBXFrameworksBuildPhase;
			buildActionMask = 2147483647;
			files = (
			);
			runOnlyForDeploymentPostprocessing = 0;
		};
		8288059E2710C1A800D77856 /* Frameworks */ = {
			isa = PBXFrameworksBuildPhase;
			buildActionMask = 2147483647;
			files = (
			);
			runOnlyForDeploymentPostprocessing = 0;
		};
		828805A82710C1A900D77856 /* Frameworks */ = {
			isa = PBXFrameworksBuildPhase;
			buildActionMask = 2147483647;
			files = (
			);
			runOnlyForDeploymentPostprocessing = 0;
		};
/* End PBXFrameworksBuildPhase section */

/* Begin PBXGroup section */
		828805822710C1A700D77856 = {
			isa = PBXGroup;
			children = (
				8288058D2710C1A700D77856 /* Calculadora */,
				828805A42710C1A800D77856 /* CalculadoraTests */,
				828805AE2710C1A900D77856 /* CalculadoraUITests */,
				8288058C2710C1A700D77856 /* Products */,
			);
			sourceTree = "<group>";
		};
		8288058C2710C1A700D77856 /* Products */ = {
			isa = PBXGroup;
			children = (
				8288058B2710C1A700D77856 /* Calculadora.app */,
				828805A12710C1A800D77856 /* CalculadoraTests.xctest */,
				828805AB2710C1A900D77856 /* CalculadoraUITests.xctest */,
			);
			name = Products;
			sourceTree = "<group>";
		};
		8288058D2710C1A700D77856 /* Calculadora */ = {
			isa = PBXGroup;
			children = (
				8288058E2710C1A700D77856 /* AppDelegate.swift */,
				828805902710C1A700D77856 /* SceneDelegate.swift */,
				828805922710C1A700D77856 /* ViewController.swift */,
				828805942710C1A700D77856 /* Main.storyboard */,
				828805972710C1A800D77856 /* Assets.xcassets */,
				828805992710C1A800D77856 /* LaunchScreen.storyboard */,
				8288059C2710C1A800D77856 /* Info.plist */,
			);
			path = Calculadora;
			sourceTree = "<group>";
		};
		828805A42710C1A800D77856 /* CalculadoraTests */ = {
			isa = PBXGroup;
			children = (
				828805A52710C1A800D77856 /* CalculadoraTests.swift */,
			);
			path = CalculadoraTests;
			sourceTree = "<group>";
		};
		828805AE2710C1A900D77856 /* CalculadoraUITests */ = {
			isa = PBXGroup;
			children = (
				828805AF2710C1A900D77856 /* CalculadoraUITests.swift */,
				828805B12710C1A900D77856 /* CalculadoraUITestsLaunchTests.swift */,
			);
			path = CalculadoraUITests;
			sourceTree = "<group>";
		};
/* End PBXGroup section */

/* Begin PBXNativeTarget section */
		8288058A2710C1A700D77856 /* Calculadora */ = {
			isa = PBXNativeTarget;
			buildConfigurationList = 828805B52710C1A900D77856 /* Build configuration list for PBXNativeTarget "Calculadora" */;
			buildPhases = (
				828805872710C1A700D77856 /* Sources */,
				828805882710C1A700D77856 /* Frameworks */,
				828805892710C1A700D77856 /* Resources */,
			);
			buildRules = (
			);
			dependencies = (
			);
			name = Calculadora;
			productName = Calculadora;
			productReference = 8288058B2710C1A700D77856 /* Calculadora.app */;
			productType = "com.apple.product-type.application";
		};
		828805A02710C1A800D77856 /* CalculadoraTests */ = {
			isa = PBXNativeTarget;
			buildConfigurationList = 828805B82710C1A900D77856 /* Build configuration list for PBXNativeTarget "CalculadoraTests" */;
			buildPhases = (
				8288059D2710C1A800D77856 /* Sources */,
				8288059E2710C1A800D77856 /* Frameworks */,
				8288059F2710C1A800D77856 /* Resources */,
			);
			buildRules = (
			);
			dependencies = (
				828805A32710C1A800D77856 /* PBXTargetDependency */,
			);
			name = CalculadoraTests;
			productName = CalculadoraTests;
			productReference = 828805A12710C1A800D77856 /* CalculadoraTests.xctest */;
			productType = "com.apple.product-type.bundle.unit-test";
		};
		828805AA2710C1A900D77856 /* CalculadoraUITests */ = {
			isa = PBXNativeTarget;
			buildConfigurationList = 828805BB2710C1A900D77856 /* Build configuration list for PBXNativeTarget "CalculadoraUITests" */;
			buildPhases = (
				828805A72710C1A900D77856 /* Sources */,
				828805A82710C1A900D77856 /* Frameworks */,
				828805A92710C1A900D77856 /* Resources */,
			);
			buildRules = (
			);
			dependencies = (
				828805AD2710C1A900D77856 /* PBXTargetDependency */,
			);
			name = CalculadoraUITests;
			productName = CalculadoraUITests;
			productReference = 828805AB2710C1A900D77856 /* CalculadoraUITests.xctest */;
			productType = "com.apple.product-type.bundle.ui-testing";
		};
/* End PBXNativeTarget section */

/* Begin PBXProject section */
		828805832710C1A700D77856 /* Project object */ = {
			isa = PBXProject;
			attributes = {
				BuildIndependentTargetsInParallel = 1;
				LastSwiftUpdateCheck = 1300;
				LastUpgradeCheck = 1300;
				TargetAttributes = {
					8288058A2710C1A700D77856 = {
						CreatedOnToolsVersion = 13.0;
					};
					828805A02710C1A800D77856 = {
						CreatedOnToolsVersion = 13.0;
						TestTargetID = 8288058A2710C1A700D77856;
					};
					828805AA2710C1A900D77856 = {
						CreatedOnToolsVersion = 13.0;
						TestTargetID = 8288058A2710C1A700D77856;
					};
				};
			};
			buildConfigurationList = 828805862710C1A700D77856 /* Build configuration list for PBXProject "Calculadora" */;
			compatibilityVersion = "Xcode 13.0";
			developmentRegion = en;
			hasScannedForEncodings = 0;
			knownRegions = (
				en,
				Base,
			);
			mainGroup = 828805822710C1A700D77856;
			productRefGroup = 8288058C2710C1A700D77856 /* Products */;
			projectDirPath = "";
			projectRoot = "";
			targets = (
				8288058A2710C1A700D77856 /* Calculadora */,
				828805A02710C1A800D77856 /* CalculadoraTests */,
				828805AA2710C1A900D77856 /* CalculadoraUITests */,
			);
		};
/* End PBXProject section */

/* Begin PBXResourcesBuildPhase section */
		828805892710C1A700D77856 /* Resources */ = {
			isa = PBXResourcesBuildPhase;
			buildActionMask = 2147483647;
			files = (
				8288059B2710C1A800D77856 /* LaunchScreen.storyboard in Resources */,
				828805982710C1A800D77856 /* Assets.xcassets in Resources */,
				828805962710C1A700D77856 /* Main.storyboard in Resources */,
			);
			runOnlyForDeploymentPostprocessing = 0;
		};
		8288059F2710C1A800D77856 /* Resources */ = {
			isa = PBXResourcesBuildPhase;
			buildActionMask = 2147483647;
			files = (
			);
			runOnlyForDeploymentPostprocessing = 0;
		};
		828805A92710C1A900D77856 /* Resources */ = {
			isa = PBXResourcesBuildPhase;
			buildActionMask = 2147483647;
			files = (
			);
			runOnlyForDeploymentPostprocessing = 0;
		};
/* End PBXResourcesBuildPhase section */

/* Begin PBXSourcesBuildPhase section */
		828805872710C1A700D77856 /* Sources */ = {
			isa = PBXSourcesBuildPhase;
			buildActionMask = 2147483647;
			files = (
				828805932710C1A700D77856 /* ViewController.swift in Sources */,
				8288058F2710C1A700D77856 /* AppDelegate.swift in Sources */,
				828805912710C1A700D77856 /* SceneDelegate.swift in Sources */,
			);
			runOnlyForDeploymentPostprocessing = 0;
		};
		8288059D2710C1A800D77856 /* Sources */ = {
			isa = PBXSourcesBuildPhase;
			buildActionMask = 2147483647;
			files = (
				828805A62710C1A800D77856 /* CalculadoraTests.swift in Sources */,
			);
			runOnlyForDeploymentPostprocessing = 0;
		};
		828805A72710C1A900D77856 /* Sources */ = {
			isa = PBXSourcesBuildPhase;
			buildActionMask = 2147483647;
			files = (
				828805B22710C1A900D77856 /* CalculadoraUITestsLaunchTests.swift in Sources */,
				828805B02710C1A900D77856 /* CalculadoraUITests.swift in Sources */,
			);
			runOnlyForDeploymentPostprocessing = 0;
		};
/* End PBXSourcesBuildPhase section */

/* Begin PBXTargetDependency section */
		828805A32710C1A800D77856 /* PBXTargetDependency */ = {
			isa = PBXTargetDependency;
			target = 8288058A2710C1A700D77856 /* Calculadora */;
			targetProxy = 828805A22710C1A800D77856 /* PBXContainerItemProxy */;
		};
		828805AD2710C1A900D77856 /* PBXTargetDependency */ = {
			isa = PBXTargetDependency;
			target = 8288058A2710C1A700D77856 /* Calculadora */;
			targetProxy = 828805AC2710C1A900D77856 /* PBXContainerItemProxy */;
		};
/* End PBXTargetDependency section */

/* Begin PBXVariantGroup section */
		828805942710C1A700D77856 /* Main.storyboard */ = {
			isa = PBXVariantGroup;
			children = (
				828805952710C1A700D77856 /* Base */,
			);
			name = Main.storyboard;
			sourceTree = "<group>";
		};
		828805992710C1A800D77856 /* LaunchScreen.storyboard */ = {
			isa = PBXVariantGroup;
			children = (
				8288059A2710C1A800D77856 /* Base */,
			);
			name = LaunchScreen.storyboard;
			sourceTree = "<group>";
		};
/* End PBXVariantGroup section */

/* Begin XCBuildConfiguration section */
		828805B32710C1A900D77856 /* Debug */ = {
			isa = XCBuildConfiguration;
			buildSettings = {
				ALWAYS_SEARCH_USER_PATHS = NO;
				CLANG_ANALYZER_NONNULL = YES;
				CLANG_ANALYZER_NUMBER_OBJECT_CONVERSION = YES_AGGRESSIVE;
				CLANG_CXX_LANGUAGE_STANDARD = "gnu++17";
				CLANG_CXX_LIBRARY = "libc++";
				CLANG_ENABLE_MODULES = YES;
				CLANG_ENABLE_OBJC_ARC = YES;
				CLANG_ENABLE_OBJC_WEAK = YES;
				CLANG_WARN_BLOCK_CAPTURE_AUTORELEASING = YES;
				CLANG_WARN_BOOL_CONVERSION = YES;
				CLANG_WARN_COMMA = YES;
				CLANG_WARN_CONSTANT_CONVERSION = YES;
				CLANG_WARN_DEPRECATED_OBJC_IMPLEMENTATIONS = YES;
				CLANG_WARN_DIRECT_OBJC_ISA_USAGE = YES_ERROR;
				CLANG_WARN_DOCUMENTATION_COMMENTS = YES;
				CLANG_WARN_EMPTY_BODY = YES;
				CLANG_WARN_ENUM_CONVERSION = YES;
				CLANG_WARN_INFINITE_RECURSION = YES;
				CLANG_WARN_INT_CONVERSION = YES;
				CLANG_WARN_NON_LITERAL_NULL_CONVERSION = YES;
				CLANG_WARN_OBJC_IMPLICIT_RETAIN_SELF = YES;
				CLANG_WARN_OBJC_LITERAL_CONVERSION = YES;
				CLANG_WARN_OBJC_ROOT_CLASS = YES_ERROR;
				CLANG_WARN_QUOTED_INCLUDE_IN_FRAMEWORK_HEADER = YES;
				CLANG_WARN_RANGE_LOOP_ANALYSIS = YES;
				CLANG_WARN_STRICT_PROTOTYPES = YES;
				CLANG_WARN_SUSPICIOUS_MOVE = YES;
				CLANG_WARN_UNGUARDED_AVAILABILITY = YES_AGGRESSIVE;
				CLANG_WARN_UNREACHABLE_CODE = YES;
				CLANG_WARN__DUPLICATE_METHOD_MATCH = YES;
				COPY_PHASE_STRIP = NO;
				DEBUG_INFORMATION_FORMAT = dwarf;
				ENABLE_STRICT_OBJC_MSGSEND = YES;
				ENABLE_TESTABILITY = YES;
				GCC_C_LANGUAGE_STANDARD = gnu11;
				GCC_DYNAMIC_NO_PIC = NO;
				GCC_NO_COMMON_BLOCKS = YES;
				GCC_OPTIMIZATION_LEVEL = 0;
				GCC_PREPROCESSOR_DEFINITIONS = (
					"DEBUG=1",
					"$(inherited)",
				);
				GCC_WARN_64_TO_32_BIT_CONVERSION = YES;
				GCC_WARN_ABOUT_RETURN_TYPE = YES_ERROR;
				GCC_WARN_UNDECLARED_SELECTOR = YES;
				GCC_WARN_UNINITIALIZED_AUTOS = YES_AGGRESSIVE;
				GCC_WARN_UNUSED_FUNCTION = YES;
				GCC_WARN_UNUSED_VARIABLE = YES;
				IPHONEOS_DEPLOYMENT_TARGET = 15.0;
				MTL_ENABLE_DEBUG_INFO = INCLUDE_SOURCE;
				MTL_FAST_MATH = YES;
				ONLY_ACTIVE_ARCH = YES;
				SDKROOT = iphoneos;
				SWIFT_ACTIVE_COMPILATION_CONDITIONS = DEBUG;
				SWIFT_OPTIMIZATION_LEVEL = "-Onone";
			};
			name = Debug;
		};
		828805B42710C1A900D77856 /* Release */ = {
			isa = XCBuildConfiguration;
			buildSettings = {
				ALWAYS_SEARCH_USER_PATHS = NO;
				CLANG_ANALYZER_NONNULL = YES;
				CLANG_ANALYZER_NUMBER_OBJECT_CONVERSION = YES_AGGRESSIVE;
				CLANG_CXX_LANGUAGE_STANDARD = "gnu++17";
				CLANG_CXX_LIBRARY = "libc++";
				CLANG_ENABLE_MODULES = YES;
				CLANG_ENABLE_OBJC_ARC = YES;
				CLANG_ENABLE_OBJC_WEAK = YES;
				CLANG_WARN_BLOCK_CAPTURE_AUTORELEASING = YES;
				CLANG_WARN_BOOL_CONVERSION = YES;
				CLANG_WARN_COMMA = YES;
				CLANG_WARN_CONSTANT_CONVERSION = YES;
				CLANG_WARN_DEPRECATED_OBJC_IMPLEMENTATIONS = YES;
				CLANG_WARN_DIRECT_OBJC_ISA_USAGE = YES_ERROR;
				CLANG_WARN_DOCUMENTATION_COMMENTS = YES;
				CLANG_WARN_EMPTY_BODY = YES;
				CLANG_WARN_ENUM_CONVERSION = YES;
				CLANG_WARN_INFINITE_RECURSION = YES;
				CLANG_WARN_INT_CONVERSION = YES;
				CLANG_WARN_NON_LITERAL_NULL_CONVERSION = YES;
				CLANG_WARN_OBJC_IMPLICIT_RETAIN_SELF = YES;
				CLANG_WARN_OBJC_LITERAL_CONVERSION = YES;
				CLANG_WARN_OBJC_ROOT_CLASS = YES_ERROR;
				CLANG_WARN_QUOTED_INCLUDE_IN_FRAMEWORK_HEADER = YES;
				CLANG_WARN_RANGE_LOOP_ANALYSIS = YES;
				CLANG_WARN_STRICT_PROTOTYPES = YES;
				CLANG_WARN_SUSPICIOUS_MOVE = YES;
				CLANG_WARN_UNGUARDED_AVAILABILITY = YES_AGGRESSIVE;
				CLANG_WARN_UNREACHABLE_CODE = YES;
				CLANG_WARN__DUPLICATE_METHOD_MATCH = YES;
				COPY_PHASE_STRIP = NO;
				DEBUG_INFORMATION_FORMAT = "dwarf-with-dsym";
				ENABLE_NS_ASSERTIONS = NO;
				ENABLE_STRICT_OBJC_MSGSEND = YES;
				GCC_C_LANGUAGE_STANDARD = gnu11;
				GCC_NO_COMMON_BLOCKS = YES;
				GCC_WARN_64_TO_32_BIT_CONVERSION = YES;
				GCC_WARN_ABOUT_RETURN_TYPE = YES_ERROR;
				GCC_WARN_UNDECLARED_SELECTOR = YES;
				GCC_WARN_UNINITIALIZED_AUTOS = YES_AGGRESSIVE;
				GCC_WARN_UNUSED_FUNCTION = YES;
				GCC_WARN_UNUSED_VARIABLE = YES;
				IPHONEOS_DEPLOYMENT_TARGET = 15.0;
				MTL_ENABLE_DEBUG_INFO = NO;
				MTL_FAST_MATH = YES;
				SDKROOT = iphoneos;
				SWIFT_COMPILATION_MODE = wholemodule;
				SWIFT_OPTIMIZATION_LEVEL = "-O";
				VALIDATE_PRODUCT = YES;
			};
			name = Release;
		};
		828805B62710C1A900D77856 /* Debug */ = {
			isa = XCBuildConfiguration;
			buildSettings = {
				ASSETCATALOG_COMPILER_APPICON_NAME = AppIcon;
				ASSETCATALOG_COMPILER_GLOBAL_ACCENT_COLOR_NAME = AccentColor;
				CODE_SIGN_STYLE = Automatic;
				CURRENT_PROJECT_VERSION = 1;
				DEVELOPMENT_TEAM = HJ3L29UH3U;
				GENERATE_INFOPLIST_FILE = YES;
				INFOPLIST_FILE = Calculadora/Info.plist;
				INFOPLIST_KEY_UIApplicationSupportsIndirectInputEvents = YES;
				INFOPLIST_KEY_UILaunchStoryboardName = LaunchScreen;
				INFOPLIST_KEY_UIMainStoryboardFile = Main;
				INFOPLIST_KEY_UISupportedInterfaceOrientations_iPad = "UIInterfaceOrientationPortrait UIInterfaceOrientationPortraitUpsideDown UIInterfaceOrientationLandscapeLeft UIInterfaceOrientationLandscapeRight";
				INFOPLIST_KEY_UISupportedInterfaceOrientations_iPhone = "UIInterfaceOrientationPortrait UIInterfaceOrientationLandscapeLeft UIInterfaceOrientationLandscapeRight";
				LD_RUNPATH_SEARCH_PATHS = (
					"$(inherited)",
					"@executable_path/Frameworks",
				);
				MARKETING_VERSION = 1.0;
				PRODUCT_BUNDLE_IDENTIFIER = calculadora.Calculadora;
				PRODUCT_NAME = "$(TARGET_NAME)";
				SWIFT_EMIT_LOC_STRINGS = YES;
				SWIFT_VERSION = 5.0;
				TARGETED_DEVICE_FAMILY = "1,2";
			};
			name = Debug;
		};
		828805B72710C1A900D77856 /* Release */ = {
			isa = XCBuildConfiguration;
			buildSettings = {
				ASSETCATALOG_COMPILER_APPICON_NAME = AppIcon;
				ASSETCATALOG_COMPILER_GLOBAL_ACCENT_COLOR_NAME = AccentColor;
				CODE_SIGN_STYLE = Automatic;
				CURRENT_PROJECT_VERSION = 1;
				DEVELOPMENT_TEAM = HJ3L29UH3U;
				GENERATE_INFOPLIST_FILE = YES;
				INFOPLIST_FILE = Calculadora/Info.plist;
				INFOPLIST_KEY_UIApplicationSupportsIndirectInputEvents = YES;
				INFOPLIST_KEY_UILaunchStoryboardName = LaunchScreen;
				INFOPLIST_KEY_UIMainStoryboardFile = Main;
				INFOPLIST_KEY_UISupportedInterfaceOrientations_iPad = "UIInterfaceOrientationPortrait UIInterfaceOrientationPortraitUpsideDown UIInterfaceOrientationLandscapeLeft UIInterfaceOrientationLandscapeRight";
				INFOPLIST_KEY_UISupportedInterfaceOrientations_iPhone = "UIInterfaceOrientationPortrait UIInterfaceOrientationLandscapeLeft UIInterfaceOrientationLandscapeRight";
				LD_RUNPATH_SEARCH_PATHS = (
					"$(inherited)",
					"@executable_path/Frameworks",
				);
				MARKETING_VERSION = 1.0;
				PRODUCT_BUNDLE_IDENTIFIER = calculadora.Calculadora;
				PRODUCT_NAME = "$(TARGET_NAME)";
				SWIFT_EMIT_LOC_STRINGS = YES;
				SWIFT_VERSION = 5.0;
				TARGETED_DEVICE_FAMILY = "1,2";
			};
			name = Release;
		};
		828805B92710C1A900D77856 /* Debug */ = {
			isa = XCBuildConfiguration;
			buildSettings = {
				ALWAYS_EMBED_SWIFT_STANDARD_LIBRARIES = YES;
				BUNDLE_LOADER = "$(TEST_HOST)";
				CODE_SIGN_STYLE = Automatic;
				CURRENT_PROJECT_VERSION = 1;
				DEVELOPMENT_TEAM = HJ3L29UH3U;
				GENERATE_INFOPLIST_FILE = YES;
				IPHONEOS_DEPLOYMENT_TARGET = 15.0;
				LD_RUNPATH_SEARCH_PATHS = (
					"$(inherited)",
					"@executable_path/Frameworks",
					"@loader_path/Frameworks",
				);
				MARKETING_VERSION = 1.0;
				PRODUCT_BUNDLE_IDENTIFIER = calculadora.CalculadoraTests;
				PRODUCT_NAME = "$(TARGET_NAME)";
				SWIFT_EMIT_LOC_STRINGS = NO;
				SWIFT_VERSION = 5.0;
				TARGETED_DEVICE_FAMILY = "1,2";
				TEST_HOST = "$(BUILT_PRODUCTS_DIR)/Calculadora.app/Calculadora";
			};
			name = Debug;
		};
		828805BA2710C1A900D77856 /* Release */ = {
			isa = XCBuildConfiguration;
			buildSettings = {
				ALWAYS_EMBED_SWIFT_STANDARD_LIBRARIES = YES;
				BUNDLE_LOADER = "$(TEST_HOST)";
				CODE_SIGN_STYLE = Automatic;
				CURRENT_PROJECT_VERSION = 1;
				DEVELOPMENT_TEAM = HJ3L29UH3U;
				GENERATE_INFOPLIST_FILE = YES;
				IPHONEOS_DEPLOYMENT_TARGET = 15.0;
				LD_RUNPATH_SEARCH_PATHS = (
					"$(inherited)",
					"@executable_path/Frameworks",
					"@loader_path/Frameworks",
				);
				MARKETING_VERSION = 1.0;
				PRODUCT_BUNDLE_IDENTIFIER = calculadora.CalculadoraTests;
				PRODUCT_NAME = "$(TARGET_NAME)";
				SWIFT_EMIT_LOC_STRINGS = NO;
				SWIFT_VERSION = 5.0;
				TARGETED_DEVICE_FAMILY = "1,2";
				TEST_HOST = "$(BUILT_PRODUCTS_DIR)/Calculadora.app/Calculadora";
			};
			name = Release;
		};
		828805BC2710C1A900D77856 /* Debug */ = {
			isa = XCBuildConfiguration;
			buildSettings = {
				ALWAYS_EMBED_SWIFT_STANDARD_LIBRARIES = YES;
				CODE_SIGN_STYLE = Automatic;
				CURRENT_PROJECT_VERSION = 1;
				DEVELOPMENT_TEAM = HJ3L29UH3U;
				GENERATE_INFOPLIST_FILE = YES;
				LD_RUNPATH_SEARCH_PATHS = (
					"$(inherited)",
					"@executable_path/Frameworks",
					"@loader_path/Frameworks",
				);
				MARKETING_VERSION = 1.0;
				PRODUCT_BUNDLE_IDENTIFIER = calculadora.CalculadoraUITests;
				PRODUCT_NAME = "$(TARGET_NAME)";
				SWIFT_EMIT_LOC_STRINGS = NO;
				SWIFT_VERSION = 5.0;
				TARGETED_DEVICE_FAMILY = "1,2";
				TEST_TARGET_NAME = Calculadora;
			};
			name = Debug;
		};
		828805BD2710C1A900D77856 /* Release */ = {
			isa = XCBuildConfiguration;
			buildSettings = {
				ALWAYS_EMBED_SWIFT_STANDARD_LIBRARIES = YES;
				CODE_SIGN_STYLE = Automatic;
				CURRENT_PROJECT_VERSION = 1;
				DEVELOPMENT_TEAM = HJ3L29UH3U;
				GENERATE_INFOPLIST_FILE = YES;
				LD_RUNPATH_SEARCH_PATHS = (
					"$(inherited)",
					"@executable_path/Frameworks",
					"@loader_path/Frameworks",
				);
				MARKETING_VERSION = 1.0;
				PRODUCT_BUNDLE_IDENTIFIER = calculadora.CalculadoraUITests;
				PRODUCT_NAME = "$(TARGET_NAME)";
				SWIFT_EMIT_LOC_STRINGS = NO;
				SWIFT_VERSION = 5.0;
				TARGETED_DEVICE_FAMILY = "1,2";
				TEST_TARGET_NAME = Calculadora;
			};
			name = Release;
		};
/* End XCBuildConfiguration section */

/* Begin XCConfigurationList section */
		828805862710C1A700D77856 /* Build configuration list for PBXProject "Calculadora" */ = {
			isa = XCConfigurationList;
			buildConfigurations = (
				828805B32710C1A900D77856 /* Debug */,
				828805B42710C1A900D77856 /* Release */,
			);
			defaultConfigurationIsVisible = 0;
			defaultConfigurationName = Release;
		};
		828805B52710C1A900D77856 /* Build configuration list for PBXNativeTarget "Calculadora" */ = {
			isa = XCConfigurationList;
			buildConfigurations = (
				828805B62710C1A900D77856 /* Debug */,
				828805B72710C1A900D77856 /* Release */,
			);
			defaultConfigurationIsVisible = 0;
			defaultConfigurationName = Release;
		};
		828805B82710C1A900D77856 /* Build configuration list for PBXNativeTarget "CalculadoraTests" */ = {
			isa = XCConfigurationList;
			buildConfigurations = (
				828805B92710C1A900D77856 /* Debug */,
				828805BA2710C1A900D77856 /* Release */,
			);
			defaultConfigurationIsVisible = 0;
			defaultConfigurationName = Release;
		};
		828805BB2710C1A900D77856 /* Build configuration list for PBXNativeTarget "CalculadoraUITests" */ = {
			isa = XCConfigurationList;
			buildConfigurations = (
				828805BC2710C1A900D77856 /* Debug */,
				828805BD2710C1A900D77856 /* Release */,
			);
			defaultConfigurationIsVisible = 0;
			defaultConfigurationName = Release;
		};
/* End XCConfigurationList section */
	};
	rootObject = 828805832710C1A700D77856 /* Project object */;
}
